
Microsoft Visual Studio Solution File, Format Version 12.00
# Visual Studio Version 17
VisualStudioVersion = 17.0.31912.275
MinimumVisualStudioVersion = 10.0.40219.1
Project("{FAE04EC0-301F-11D3-BF4B-00C04F79EFBC}") = "Employee", "Employee\Employee.csproj", "{8244B508-3BE7-4C18-897C-F8532F870209}"
EndProject
Global
	GlobalSection(SolutionConfigurationPlatforms) = preSolution
		Debug|Any CPU = Debug|Any CPU
		Release|Any CPU = Release|Any CPU
	EndGlobalSection
	GlobalSection(ProjectConfigurationPlatforms) = postSolution
		{8244B508-3BE7-4C18-897C-F8532F870209}.Debug|Any CPU.ActiveCfg = Debug|Any CPU
		{8244B508-3BE7-4C18-897C-F8532F870209}.Debug|Any CPU.Build.0 = Debug|Any CPU
		{8244B508-3BE7-4C18-897C-F8532F870209}.Release|Any CPU.ActiveCfg = Release|Any CPU
		{8244B508-3BE7-4C18-897C-F8532F870209}.Release|Any CPU.Build.0 = Release|Any CPU
	EndGlobalSection
	GlobalSection(SolutionProperties) = preSolution
		HideSolutionNode = FALSE
	EndGlobalSection
	GlobalSection(ExtensibilityGlobals) = postSolution
		SolutionGuid = {DEC4A33E-6367-4480-B4EE-37C9DB43340F}
	EndGlobalSection
EndGlobal
